
Microsoft Visual Studio Solution File, Format Version 12.00
# Visual Studio Version 17
VisualStudioVersion = 17.13.35931.197 d17.13
MinimumVisualStudioVersion = 10.0.40219.1
Project("{FAE04EC0-301F-11D3-BF4B-00C04F79EFBC}") = "laba_11", "laba_11\laba_11.csproj", "{8AE4DFDD-19A0-49B2-B17F-597B4CF9756A}"
EndProject
Global
	GlobalSection(SolutionConfigurationPlatforms) = preSolution
		Debug|Any CPU = Debug|Any CPU
		Release|Any CPU = Release|Any CPU
	EndGlobalSection
	GlobalSection(ProjectConfigurationPlatforms) = postSolution
		{8AE4DFDD-19A0-49B2-B17F-597B4CF9756A}.Debug|Any CPU.ActiveCfg = Debug|Any CPU
		{8AE4DFDD-19A0-49B2-B17F-597B4CF9756A}.Debug|Any CPU.Build.0 = Debug|Any CPU
		{8AE4DFDD-19A0-49B2-B17F-597B4CF9756A}.Release|Any CPU.ActiveCfg = Release|Any CPU
		{8AE4DFDD-19A0-49B2-B17F-597B4CF9756A}.Release|Any CPU.Build.0 = Release|Any CPU
	EndGlobalSection
	GlobalSection(SolutionProperties) = preSolution
		HideSolutionNode = FALSE
	EndGlobalSection
	GlobalSection(ExtensibilityGlobals) = postSolution
		SolutionGuid = {39E1E6A7-D3DE-430D-9A5B-8D7FEC692D41}
	EndGlobalSection
EndGlobal
